{
  "name": "web-api-client",
  "version": "1.0.0",
  "lockfileVersion": 1,
  "requires": true,
  "dependencies": {
    "fetch-ponyfill": {
      "version": "5.0.0",
      "resolved": "https://registry.npmjs.org/fetch-ponyfill/-/fetch-ponyfill-5.0.0.tgz",
      "integrity": "sha512-5IOTWXnupciMppTlY0W6Dmil6kjrPIAJx5C/MvFRIG6E8xeeCBuzKD0IsEt4XAQ6/WVVeUV0KhwesZyCtbpsGw==",
      "requires": {
        "node-fetch": "2.0.0"
      }
    },
    "node-fetch": {
      "version": "2.0.0",
      "resolved": "https://registry.npmjs.org/node-fetch/-/node-fetch-2.0.0.tgz",
      "integrity": "sha1-mCu6Q+zU8pIqKcwYamu7C7c/y6Y="
    }
  }
}
